
Microsoft Visual Studio Solution File, Format Version 12.00
Project("{FAE04EC0-301F-11D3-BF4B-00C04F79EFBC}") = "SearchyNET", "SearchyNET.csproj", "{2FA682F1-6650-4C40-B20C-69A8BA01E185}"
EndProject
Global
	GlobalSection(SolutionConfigurationPlatforms) = preSolution
		Debug|Any CPU = Debug|Any CPU
		Release|Any CPU = Release|Any CPU
	EndGlobalSection
	GlobalSection(ProjectConfigurationPlatforms) = postSolution
		{2FA682F1-6650-4C40-B20C-69A8BA01E185}.Debug|Any CPU.ActiveCfg = Debug|Any CPU
		{2FA682F1-6650-4C40-B20C-69A8BA01E185}.Debug|Any CPU.Build.0 = Debug|Any CPU
		{2FA682F1-6650-4C40-B20C-69A8BA01E185}.Release|Any CPU.ActiveCfg = Release|Any CPU
		{2FA682F1-6650-4C40-B20C-69A8BA01E185}.Release|Any CPU.Build.0 = Release|Any CPU
		{2FA682F1-6650-4C40-B20C-69A8BA01E185}.Debug|Any CPU.Deploy.0 = Debug|Any CPU
	EndGlobalSection
EndGlobal
